
Microsoft Visual Studio Solution File, Format Version 12.00
# Visual Studio Version 16
VisualStudioVersion = 16.0.30330.147
MinimumVisualStudioVersion = 10.0.40219.1
Project("{FAE04EC0-301F-11D3-BF4B-00C04F79EFBC}") = "TemperatureLibrary", "TemperatureLibrary\TemperatureLibrary.csproj", "{697A9C84-500C-4EF2-95B8-906C15382E94}"
EndProject
Global
	GlobalSection(SolutionConfigurationPlatforms) = preSolution
		Debug|Any CPU = Debug|Any CPU
		Release|Any CPU = Release|Any CPU
	EndGlobalSection
	GlobalSection(ProjectConfigurationPlatforms) = postSolution
		{697A9C84-500C-4EF2-95B8-906C15382E94}.Debug|Any CPU.ActiveCfg = Debug|Any CPU
		{697A9C84-500C-4EF2-95B8-906C15382E94}.Debug|Any CPU.Build.0 = Debug|Any CPU
		{697A9C84-500C-4EF2-95B8-906C15382E94}.Release|Any CPU.ActiveCfg = Release|Any CPU
		{697A9C84-500C-4EF2-95B8-906C15382E94}.Release|Any CPU.Build.0 = Release|Any CPU
	EndGlobalSection
	GlobalSection(SolutionProperties) = preSolution
		HideSolutionNode = FALSE
	EndGlobalSection
	GlobalSection(ExtensibilityGlobals) = postSolution
		SolutionGuid = {A74BC2B6-9AF5-48A1-B968-8FC4B2768B2A}
	EndGlobalSection
EndGlobal
